<?xml version="1.0" encoding="utf-8"?>
<Project ToolsVersion="4.0" xmlns="http://schemas.microsoft.com/developer/msbuild/2003">
  <ItemGroup>
    <Filter Include="Source Files">
      <UniqueIdentifier>{4FC737F1-C7A5-4376-A066-2A32D752A2FF}</UniqueIdentifier>
      <Extensions>cpp;c;cc;cxx;def;odl;idl;hpj;bat;asm;asmx</Extensions>
    </Filter>
    <Filter Include="Header Files">
      <UniqueIdentifier>{93995380-89BD-4b04-88EB-625FBE52EBFB}</UniqueIdentifier>
      <Extensions>h;hh;hpp;hxx;hm;inl;inc;ipp;xsd</Extensions>
    </Filter>
    <Filter Include="Resource Files">
      <UniqueIdentifier>{67DA6AB6-F800-4c08-8B7A-83BB121AAD01}</UniqueIdentifier>
      <Extensions>rc;ico;cur;bmp;dlg;rc2;rct;bin;rgs;gif;jpg;jpeg;jpe;resx;tiff;tif;png;wav;mfcribbon-ms</Extensions>
    </Filter>
    <Filter Include="VAOManager">
      <UniqueIdentifier>{aa4aba29-5833-4c1b-bf23-0a78d0aead65}</UniqueIdentifier>
    </Filter>
    <Filter Include="Mesh">
      <UniqueIdentifier>{7da2450a-c57f-4adb-ab70-de141b7328d3}</UniqueIdentifier>
    </Filter>
    <Filter Include="Shader">
      <UniqueIdentifier>{521d1c20-2720-49d0-8164-4490ec6fb555}</UniqueIdentifier>
    </Filter>
    <Filter Include="LightManager">
      <UniqueIdentifier>{c348f50f-c22e-4d84-b795-bf131e15ec89}</UniqueIdentifier>
    </Filter>
  </ItemGroup>
  <ItemGroup>
    <ClCompile Include="glad.c">
      <Filter>Source Files</Filter>
    </ClCompile>
    <ClCompile Include="Shader.cpp">
      <Filter>Shader</Filter>
    </ClCompile>
    <ClCompile Include="Mesh.cpp">
      <Filter>Mesh</Filter>
    </ClCompile>
    <ClCompile Include="Model.cpp">
      <Filter>Header Files</Filter>
    </ClCompile>
    <ClCompile Include="VAOManager.cpp">
      <Filter>VAOManager</Filter>
    </ClCompile>
    <ClCompile Include="Light.cpp">
      <Filter>LightManager</Filter>
    </ClCompile>
    <ClCompile Include="Project.cpp">
      <Filter>Source Files</Filter>
    </ClCompile>
  </ItemGroup>
  <ItemGroup>
    <ClInclude Include="Shader.h">
      <Filter>Shader</Filter>
    </ClInclude>
    <ClInclude Include="globe.h">
      <Filter>Header Files</Filter>
    </ClInclude>
    <ClInclude Include="Mesh.h">
      <Filter>Mesh</Filter>
    </ClInclude>
    <ClInclude Include="VAOManager.h">
      <Filter>VAOManager</Filter>
    </ClInclude>
    <ClInclude Include="Model.h">
      <Filter>Header Files</Filter>
    </ClInclude>
    <ClInclude Include="Light.h">
      <Filter>LightManager</Filter>
    </ClInclude>
  </ItemGroup>
  <ItemGroup>
    <None Include="vertex.glsl">
      <Filter>Source Files</Filter>
    </None>
    <None Include="fragment.glsl">
      <Filter>Source Files</Filter>
    </None>
    <None Include="xyzrgb_dragon_simple.ply">
      <Filter>Mesh</Filter>
    </None>
    <None Include="Sphere.ply">
      <Filter>Mesh</Filter>
    </None>
    <None Include="BM_3d_Low.ply">
      <Filter>Mesh</Filter>
    </None>
    <None Include="Thenatarius.ply">
      <Filter>Mesh</Filter>
    </None>
    <None Include="owl-monk-fixed-mesh.ply">
      <Filter>Mesh</Filter>
    </None>
    <None Include="free_arena_ASCII_xyz.ply">
      <Filter>Mesh</Filter>
    </None>
    <None Include="Dragon 2.5_ply.ply">
      <Filter>Mesh</Filter>
    </None>
  </ItemGroup>
  <ItemGroup>
    <Text Include="Save.txt">
      <Filter>Source Files</Filter>
    </Text>
  </ItemGroup>
</Project>